
Microsoft Visual Studio Solution File, Format Version 12.00
# Visual Studio Version 17
VisualStudioVersion = 17.10.35027.167
MinimumVisualStudioVersion = 10.0.40219.1
Project("{FAE04EC0-301F-11D3-BF4B-00C04F79EFBC}") = "day7", "day7\day7.csproj", "{9B5FD641-DAD1-41F8-BADA-55C7B563FFAF}"
EndProject
Global
	GlobalSection(SolutionConfigurationPlatforms) = preSolution
		Debug|Any CPU = Debug|Any CPU
		Release|Any CPU = Release|Any CPU
	EndGlobalSection
	GlobalSection(ProjectConfigurationPlatforms) = postSolution
		{9B5FD641-DAD1-41F8-BADA-55C7B563FFAF}.Debug|Any CPU.ActiveCfg = Debug|Any CPU
		{9B5FD641-DAD1-41F8-BADA-55C7B563FFAF}.Debug|Any CPU.Build.0 = Debug|Any CPU
		{9B5FD641-DAD1-41F8-BADA-55C7B563FFAF}.Release|Any CPU.ActiveCfg = Release|Any CPU
		{9B5FD641-DAD1-41F8-BADA-55C7B563FFAF}.Release|Any CPU.Build.0 = Release|Any CPU
	EndGlobalSection
	GlobalSection(SolutionProperties) = preSolution
		HideSolutionNode = FALSE
	EndGlobalSection
	GlobalSection(ExtensibilityGlobals) = postSolution
		SolutionGuid = {63363B2D-B0D1-4479-B51E-18015930FDB9}
	EndGlobalSection
EndGlobal
